
Microsoft Visual Studio Solution File, Format Version 12.00
# Visual Studio Version 17
VisualStudioVersion = 17.14.36623.8 d17.14
MinimumVisualStudioVersion = 10.0.40219.1
Project("{FAE04EC0-301F-11D3-BF4B-00C04F79EFBC}") = "quenmatkhau", "quenmatkhau.csproj", "{DFF4E55D-B5C5-43E0-B2C7-F435FA5E91B8}"
EndProject
Project("{FAE04EC0-301F-11D3-BF4B-00C04F79EFBC}") = "admin dangnhap", "..\New folder\admin dangnhap\admin dangnhap.csproj", "{BD06EA8A-31FA-4F02-BDD9-ADA79743F6E4}"
EndProject
Global
	GlobalSection(SolutionConfigurationPlatforms) = preSolution
		Debug|Any CPU = Debug|Any CPU
		Release|Any CPU = Release|Any CPU
	EndGlobalSection
	GlobalSection(ProjectConfigurationPlatforms) = postSolution
		{DFF4E55D-B5C5-43E0-B2C7-F435FA5E91B8}.Debug|Any CPU.ActiveCfg = Debug|Any CPU
		{DFF4E55D-B5C5-43E0-B2C7-F435FA5E91B8}.Debug|Any CPU.Build.0 = Debug|Any CPU
		{DFF4E55D-B5C5-43E0-B2C7-F435FA5E91B8}.Release|Any CPU.ActiveCfg = Release|Any CPU
		{DFF4E55D-B5C5-43E0-B2C7-F435FA5E91B8}.Release|Any CPU.Build.0 = Release|Any CPU
		{BD06EA8A-31FA-4F02-BDD9-ADA79743F6E4}.Debug|Any CPU.ActiveCfg = Debug|Any CPU
		{BD06EA8A-31FA-4F02-BDD9-ADA79743F6E4}.Debug|Any CPU.Build.0 = Debug|Any CPU
		{BD06EA8A-31FA-4F02-BDD9-ADA79743F6E4}.Release|Any CPU.ActiveCfg = Release|Any CPU
		{BD06EA8A-31FA-4F02-BDD9-ADA79743F6E4}.Release|Any CPU.Build.0 = Release|Any CPU
	EndGlobalSection
	GlobalSection(SolutionProperties) = preSolution
		HideSolutionNode = FALSE
	EndGlobalSection
	GlobalSection(ExtensibilityGlobals) = postSolution
		SolutionGuid = {74E18E30-7E96-4BC1-A15D-82D2BE49667B}
	EndGlobalSection
EndGlobal
