
Microsoft Visual Studio Solution File, Format Version 12.00
# Visual Studio Version 17
VisualStudioVersion = 17.14.36623.8
MinimumVisualStudioVersion = 10.0.40219.1
Project("{FAE04EC0-301F-11D3-BF4B-00C04F79EFBC}") = "admin dangnhap", "admin dangnhap.csproj", "{BD06EA8A-31FA-4F02-BDD9-ADA79743F6E4}"
EndProject
Project("{FAE04EC0-301F-11D3-BF4B-00C04F79EFBC}") = "quenmatkhau", "..\quenmatkhau\quenmatkhau.csproj", "{DFF4E55D-B5C5-43E0-B2C7-F435FA5E91B8}"
EndProject
Project("{FAE04EC0-301F-11D3-BF4B-00C04F79EFBC}") = "dangkytaikhoan", "..\dangkytaikhoan\dangkytaikhoan.csproj", "{8E48E691-5BD0-40E1-B855-72163C8D213B}"
EndProject
Project("{FAE04EC0-301F-11D3-BF4B-00C04F79EFBC}") = "trang chủ", "..\trang chủ\trang chủ.csproj", "{4091A97B-0B08-4CEC-A034-6D604E5643E9}"
EndProject
Global
	GlobalSection(SolutionConfigurationPlatforms) = preSolution
		Debug|Any CPU = Debug|Any CPU
		Release|Any CPU = Release|Any CPU
	EndGlobalSection
	GlobalSection(ProjectConfigurationPlatforms) = postSolution
		{BD06EA8A-31FA-4F02-BDD9-ADA79743F6E4}.Debug|Any CPU.ActiveCfg = Debug|Any CPU
		{BD06EA8A-31FA-4F02-BDD9-ADA79743F6E4}.Debug|Any CPU.Build.0 = Debug|Any CPU
		{BD06EA8A-31FA-4F02-BDD9-ADA79743F6E4}.Release|Any CPU.ActiveCfg = Release|Any CPU
		{BD06EA8A-31FA-4F02-BDD9-ADA79743F6E4}.Release|Any CPU.Build.0 = Release|Any CPU
		{DFF4E55D-B5C5-43E0-B2C7-F435FA5E91B8}.Debug|Any CPU.ActiveCfg = Debug|Any CPU
		{DFF4E55D-B5C5-43E0-B2C7-F435FA5E91B8}.Debug|Any CPU.Build.0 = Debug|Any CPU
		{DFF4E55D-B5C5-43E0-B2C7-F435FA5E91B8}.Release|Any CPU.ActiveCfg = Release|Any CPU
		{DFF4E55D-B5C5-43E0-B2C7-F435FA5E91B8}.Release|Any CPU.Build.0 = Release|Any CPU
		{8E48E691-5BD0-40E1-B855-72163C8D213B}.Debug|Any CPU.ActiveCfg = Debug|Any CPU
		{8E48E691-5BD0-40E1-B855-72163C8D213B}.Debug|Any CPU.Build.0 = Debug|Any CPU
		{8E48E691-5BD0-40E1-B855-72163C8D213B}.Release|Any CPU.ActiveCfg = Release|Any CPU
		{8E48E691-5BD0-40E1-B855-72163C8D213B}.Release|Any CPU.Build.0 = Release|Any CPU
		{4091A97B-0B08-4CEC-A034-6D604E5643E9}.Debug|Any CPU.ActiveCfg = Debug|Any CPU
		{4091A97B-0B08-4CEC-A034-6D604E5643E9}.Debug|Any CPU.Build.0 = Debug|Any CPU
		{4091A97B-0B08-4CEC-A034-6D604E5643E9}.Release|Any CPU.ActiveCfg = Release|Any CPU
		{4091A97B-0B08-4CEC-A034-6D604E5643E9}.Release|Any CPU.Build.0 = Release|Any CPU
	EndGlobalSection
	GlobalSection(SolutionProperties) = preSolution
		HideSolutionNode = FALSE
	EndGlobalSection
	GlobalSection(ExtensibilityGlobals) = postSolution
		SolutionGuid = {AE2E1B35-65A4-453D-9B1A-27711784C40D}
	EndGlobalSection
EndGlobal
