
Microsoft Visual Studio Solution File, Format Version 12.00
# Visual Studio Version 17
VisualStudioVersion = 17.14.36623.8
MinimumVisualStudioVersion = 10.0.40219.1
Project("{FAE04EC0-301F-11D3-BF4B-00C04F79EFBC}") = "inhoadon", "inhoadon.csproj", "{56DD22A5-7154-47C7-A945-598DDA407CA1}"
EndProject
Project("{FAE04EC0-301F-11D3-BF4B-00C04F79EFBC}") = "thongke", "..\thongke\thongke.csproj", "{6CD6D44E-DC1C-407D-9EB9-4570B4026070}"
EndProject
Global
	GlobalSection(SolutionConfigurationPlatforms) = preSolution
		Debug|Any CPU = Debug|Any CPU
		Release|Any CPU = Release|Any CPU
	EndGlobalSection
	GlobalSection(ProjectConfigurationPlatforms) = postSolution
		{56DD22A5-7154-47C7-A945-598DDA407CA1}.Debug|Any CPU.ActiveCfg = Debug|Any CPU
		{56DD22A5-7154-47C7-A945-598DDA407CA1}.Debug|Any CPU.Build.0 = Debug|Any CPU
		{56DD22A5-7154-47C7-A945-598DDA407CA1}.Release|Any CPU.ActiveCfg = Release|Any CPU
		{56DD22A5-7154-47C7-A945-598DDA407CA1}.Release|Any CPU.Build.0 = Release|Any CPU
		{6CD6D44E-DC1C-407D-9EB9-4570B4026070}.Debug|Any CPU.ActiveCfg = Debug|Any CPU
		{6CD6D44E-DC1C-407D-9EB9-4570B4026070}.Debug|Any CPU.Build.0 = Debug|Any CPU
		{6CD6D44E-DC1C-407D-9EB9-4570B4026070}.Release|Any CPU.ActiveCfg = Release|Any CPU
		{6CD6D44E-DC1C-407D-9EB9-4570B4026070}.Release|Any CPU.Build.0 = Release|Any CPU
	EndGlobalSection
	GlobalSection(SolutionProperties) = preSolution
		HideSolutionNode = FALSE
	EndGlobalSection
	GlobalSection(ExtensibilityGlobals) = postSolution
		SolutionGuid = {5D490362-ABFF-4148-B7D8-4C2CA0B59445}
	EndGlobalSection
EndGlobal
